lockfileVersion: '9.0'

settings:
  autoInstallPeers: true
  excludeLinksFromLockfile: false

importers:

  .:
    dependencies:
      '@hono/node-server':
        specifier: ^2.0.2
        version: 2.0.2(hono@4.12.18)
      fs-jetpack:
        specifier: ^5.1.0
        version: 5.1.0
      hono:
        specifier: ^4.12.18
        version: 4.12.18
      jsonc:
        specifier: ^2.0.0
        version: 2.0.0

packages:

  '@hono/node-server@2.0.2':
    resolution: {integrity: sha512-tXlTi1h/4V7sDe7i97IVP+9re9ZU7wXZZggnR5ucCRclf1+AX6YhGStrR5w8bLj+3Mlyl0pKfBh9gqTqqnGKfQ==}
    engines: {node: '>=20'}
    peerDependencies:
      hono: ^4

  balanced-match@1.0.2:
    resolution: {integrity: sha512-3oSeUO0TMV67hN1AmbXsK4yaqU7tjiHlbxRDZOpH0KW9+CeX4bRAaX0Anxt0tx2MrpRpWwQaPwIlISEJhYU5Pw==}

  brace-expansion@2.1.0:
    resolution: {integrity: sha512-TN1kCZAgdgweJhWWpgKYrQaMNHcDULHkWwQIspdtjV4Y5aurRdZpjAqn6yX3FPqTA9ngHCc4hJxMAMgGfve85w==}

  error-ex@1.3.4:
    resolution: {integrity: sha512-sqQamAnR14VgCr1A618A3sGrygcpK+HEbenA/HiEAkkUwcZIIB/tgWqHFxWgOyDh4nB4JCRimh79dR5Ywc9MDQ==}

  fast-safe-stringify@2.1.1:
    resolution: {integrity: sha512-W+KJc2dmILlPplD/H4K9l9LcAHAfPtP6BY84uVLXQ6Evcz9Lcg33Y2z1IVblT6xdY54PXYVHEv+0Wpq8Io6zkA==}

  fs-jetpack@5.1.0:
    resolution: {integrity: sha512-Xn4fDhLydXkuzepZVsr02jakLlmoARPy+YWIclo4kh0GyNGUHnTqeH/w/qIsVn50dFxtp8otPL2t/HcPJBbxUA==}

  graceful-fs@4.2.11:
    resolution: {integrity: sha512-RbJ5/jmFcNNCcDV5o9eTnBLJ/HszWV0P73bc+Ff4nS/rJj+YaS6IGyiOL0VoBYX+l1Wrl3k63h/KrH+nhJ0XvQ==}

  hono@4.12.18:
    resolution: {integrity: sha512-RWzP96k/yv0PQfyXnWjs6zot20TqfpfsNXhOnev8d1InAxubW93L11/oNUc3tQqn2G0bSdAOBpX+2uDFHV7kdQ==}
    engines: {node: '>=16.9.0'}

  is-arrayish@0.2.1:
    resolution: {integrity: sha512-zz06S8t0ozoDXMG+ube26zeCTNXcKIPJZJi8hBrF4idCLms4CG9QtK7qBl1boi5ODzFpjswb5JPmHCbMpjaYzg==}

  json-parse-better-errors@1.0.2:
    resolution: {integrity: sha512-mrqyZKfX5EhL7hvqcV6WG1yYjnjeuYDzDhhcAAUrq8Po85NBQBJP+ZDUT75qZQ98IkUoBqdkExkukOU7Ts2wrw==}

  jsonc@2.0.0:
    resolution: {integrity: sha512-B281bLCT2TRMQa+AQUQY5AGcqSOXBOKaYGP4wDzoA/+QswUfN8sODektbPEs9Baq7LGKun5jQbNFpzwGuVYKhw==}
    engines: {node: '>=8'}

  minimatch@5.1.9:
    resolution: {integrity: sha512-7o1wEA2RyMP7Iu7GNba9vc0RWWGACJOCZBJX2GJWip0ikV+wcOsgVuY9uE8CPiyQhkGFSlhuSkZPavN7u1c2Fw==}
    engines: {node: '>=10'}

  minimist@1.2.8:
    resolution: {integrity: sha512-2yyAR8qBkN3YuheJanUpWC5U3bb5osDywNB8RzDVlDwDHbocAJveqqj1u8+SVD7jkWT4yvsHCpWqqWqAxb0zCA==}

  mkdirp@0.5.6:
    resolution: {integrity: sha512-FP+p8RB8OWpF3YZBCrP5gtADmtXApB5AMLn+vdyA+PyxCjrCs00mjyUozssO33cwDeT3wNGdLxJ5M//YqtHAJw==}
    hasBin: true

  parse-json@4.0.0:
    resolution: {integrity: sha512-aOIos8bujGN93/8Ox/jPLh7RwVnPEysynVFE+fQZyg6jKELEHwzgKdLRFHUgXJL6kylijVSBC4BvN9OmsB48Rw==}
    engines: {node: '>=4'}

  strip-bom@4.0.0:
    resolution: {integrity: sha512-3xurFv5tEgii33Zi8Jtp55wEIILR9eh34FAW00PZf+JnSsTmV/ioewSgQl97JHvgjoRGwPShsWm+IdrxB35d0w==}
    engines: {node: '>=8'}

  strip-json-comments@3.1.1:
    resolution: {integrity: sha512-6fPc+R4ihwqP6N/aIv2f1gMH8lOVtWQHoqC4yK6oSDVVocumAsfCqjkXnqiYMhmMwS/mEHLp7Vehlt3ql6lEig==}
    engines: {node: '>=8'}

snapshots:

  '@hono/node-server@2.0.2(hono@4.12.18)':
    dependencies:
      hono: 4.12.18

  balanced-match@1.0.2: {}

  brace-expansion@2.1.0:
    dependencies:
      balanced-match: 1.0.2

  error-ex@1.3.4:
    dependencies:
      is-arrayish: 0.2.1

  fast-safe-stringify@2.1.1: {}

  fs-jetpack@5.1.0:
    dependencies:
      minimatch: 5.1.9

  graceful-fs@4.2.11: {}

  hono@4.12.18: {}

  is-arrayish@0.2.1: {}

  json-parse-better-errors@1.0.2: {}

  jsonc@2.0.0:
    dependencies:
      fast-safe-stringify: 2.1.1
      graceful-fs: 4.2.11
      mkdirp: 0.5.6
      parse-json: 4.0.0
      strip-bom: 4.0.0
      strip-json-comments: 3.1.1

  minimatch@5.1.9:
    dependencies:
      brace-expansion: 2.1.0

  minimist@1.2.8: {}

  mkdirp@0.5.6:
    dependencies:
      minimist: 1.2.8

  parse-json@4.0.0:
    dependencies:
      error-ex: 1.3.4
      json-parse-better-errors: 1.0.2

  strip-bom@4.0.0: {}

  strip-json-comments@3.1.1: {}
